
Microsoft Visual Studio Solution File, Format Version 12.00
# Visual Studio Version 17
VisualStudioVersion = 17.5.002.0
MinimumVisualStudioVersion = 10.0.40219.1
Project("{9A19103F-16F7-4668-BE54-9A1E7A4F7556}") = "Properties", "Properties.csproj", "{6B2A8E85-EE0E-4511-8FBA-ACD707A5CD2D}"
EndProject
Global
	GlobalSection(SolutionConfigurationPlatforms) = preSolution
		Debug|Any CPU = Debug|Any CPU
		Release|Any CPU = Release|Any CPU
	EndGlobalSection
	GlobalSection(ProjectConfigurationPlatforms) = postSolution
		{6B2A8E85-EE0E-4511-8FBA-ACD707A5CD2D}.Debug|Any CPU.ActiveCfg = Debug|Any CPU
		{6B2A8E85-EE0E-4511-8FBA-ACD707A5CD2D}.Debug|Any CPU.Build.0 = Debug|Any CPU
		{6B2A8E85-EE0E-4511-8FBA-ACD707A5CD2D}.Release|Any CPU.ActiveCfg = Release|Any CPU
		{6B2A8E85-EE0E-4511-8FBA-ACD707A5CD2D}.Release|Any CPU.Build.0 = Release|Any CPU
	EndGlobalSection
	GlobalSection(SolutionProperties) = preSolution
		HideSolutionNode = FALSE
	EndGlobalSection
	GlobalSection(ExtensibilityGlobals) = postSolution
		SolutionGuid = {4BB914BD-196C-482A-B84A-561E4D1828F9}
	EndGlobalSection
EndGlobal
