
Microsoft Visual Studio Solution File, Format Version 12.00
# Visual Studio Version 17
VisualStudioVersion = 17.5.002.0
MinimumVisualStudioVersion = 10.0.40219.1
Project("{9A19103F-16F7-4668-BE54-9A1E7A4F7556}") = "ParkingSystem", "ParkingSystem.csproj", "{7BD10438-3386-4532-A7E7-249ED78D03FB}"
EndProject
Global
	GlobalSection(SolutionConfigurationPlatforms) = preSolution
		Debug|Any CPU = Debug|Any CPU
		Release|Any CPU = Release|Any CPU
	EndGlobalSection
	GlobalSection(ProjectConfigurationPlatforms) = postSolution
		{7BD10438-3386-4532-A7E7-249ED78D03FB}.Debug|Any CPU.ActiveCfg = Debug|Any CPU
		{7BD10438-3386-4532-A7E7-249ED78D03FB}.Debug|Any CPU.Build.0 = Debug|Any CPU
		{7BD10438-3386-4532-A7E7-249ED78D03FB}.Release|Any CPU.ActiveCfg = Release|Any CPU
		{7BD10438-3386-4532-A7E7-249ED78D03FB}.Release|Any CPU.Build.0 = Release|Any CPU
	EndGlobalSection
	GlobalSection(SolutionProperties) = preSolution
		HideSolutionNode = FALSE
	EndGlobalSection
	GlobalSection(ExtensibilityGlobals) = postSolution
		SolutionGuid = {7670223E-7FE8-47FA-A5F6-DDA502882408}
	EndGlobalSection
EndGlobal
